{
  "name": "@hololand/agents",
  "version": "1.0.0",
  "lockfileVersion": 3,
  "requires": true,
  "packages": {
    "": {
      "name": "@hololand/agents",
      "version": "1.0.0",
      "dependencies": {
        "@hololand/core": "file:../core",
        "@hololand/logger": "file:../logger",
        "@hololand/network": "file:../network",
        "@hololand/voice": "file:../voice",
        "uuid": "^9.0.1"
      },
      "devDependencies": {
        "@types/uuid": "^9.0.8",
        "typescript": "^5.3.3"
      }
    },
    "../core": {
      "name": "@hololand/core",
      "version": "1.0.0",
      "license": "Elastic-2.0",
      "dependencies": {
        "@hololand/ar-foundation": "workspace:*",
        "@hololand/logger": "workspace:*",
        "@holoscript/core": "^2.0.0"
      },
      "devDependencies": {
        "@types/node": "^20.10.0",
        "@typescript-eslint/eslint-plugin": "^6.13.0",
        "@typescript-eslint/parser": "^6.13.0",
        "eslint": "^8.55.0",
        "eslint-config-prettier": "^9.1.0",
        "eslint-plugin-prettier": "^5.0.1",
        "prettier": "^3.1.1",
        "tsup": "^8.0.1",
        "typescript": "^5.3.3",
        "vitest": "^1.0.4"
      },
      "engines": {
        "node": ">=18.0.0"
      }
    },
    "../logger": {
      "name": "@hololand/logger",
      "version": "1.0.0",
      "license": "Elastic-2.0",
      "devDependencies": {
        "tsup": "^8.0.1",
        "typescript": "^5.3.3"
      }
    },
    "../network": {
      "name": "@hololand/network",
      "version": "1.0.0",
      "license": "MIT",
      "dependencies": {
        "@hololand/logger": "file:../logger"
      },
      "devDependencies": {
        "tsup": "^8.0.1",
        "typescript": "^5.3.3"
      },
      "peerDependencies": {
        "@hololand/social": "file:../social",
        "@hololand/world": "file:../world"
      },
      "peerDependenciesMeta": {
        "@hololand/social": {
          "optional": true
        },
        "@hololand/world": {
          "optional": true
        }
      }
    },
    "../voice": {
      "name": "@hololand/voice",
      "version": "1.0.0",
      "license": "ELv2",
      "devDependencies": {
        "tsup": "^8.0.1",
        "typescript": "^5.3.3",
        "vitest": "^1.0.0"
      }
    },
    "node_modules/@hololand/core": {
      "resolved": "../core",
      "link": true
    },
    "node_modules/@hololand/logger": {
      "resolved": "../logger",
      "link": true
    },
    "node_modules/@hololand/network": {
      "resolved": "../network",
      "link": true
    },
    "node_modules/@hololand/voice": {
      "resolved": "../voice",
      "link": true
    },
    "node_modules/@types/uuid": {
      "version": "9.0.8",
      "resolved": "https://registry.npmjs.org/@types/uuid/-/uuid-9.0.8.tgz",
      "integrity": "sha512-jg+97EGIcY9AGHJJRaaPVgetKDsrTgbRjQ5Msgjh/DQKEFl0DtyRr/VCOyD1T2R1MNeWPK/u7JoGhlDZnKBAfA==",
      "dev": true,
      "license": "MIT"
    },
    "node_modules/typescript": {
      "version": "5.9.3",
      "resolved": "https://registry.npmjs.org/typescript/-/typescript-5.9.3.tgz",
      "integrity": "sha512-jl1vZzPDinLr9eUt3J/t7V6FgNEw9QjvBPdysz9KfQDD41fQrC2Y4vKQdiaUpFT4bXlb1RHhLpp8wtm6M5TgSw==",
      "dev": true,
      "license": "Apache-2.0",
      "bin": {
        "tsc": "bin/tsc",
        "tsserver": "bin/tsserver"
      },
      "engines": {
        "node": ">=14.17"
      }
    },
    "node_modules/uuid": {
      "version": "9.0.1",
      "resolved": "https://registry.npmjs.org/uuid/-/uuid-9.0.1.tgz",
      "integrity": "sha512-b+1eJOlsR9K8HJpow9Ok3fiWOWSIcIzXodvv0rQjVoOVNpWMpxf1wZNpt4y9h10odCNrqnYp1OBzRktckBe3sA==",
      "funding": [
        "https://github.com/sponsors/broofa",
        "https://github.com/sponsors/ctavan"
      ],
      "license": "MIT",
      "bin": {
        "uuid": "dist/bin/uuid"
      }
    }
  }
}
